
Microsoft Visual Studio Solution File, Format Version 12.00
# Visual Studio Version 18
VisualStudioVersion = 18.6.11806.211 stable
MinimumVisualStudioVersion = 10.0.40219.1
Project("{FAE04EC0-301F-11D3-BF4B-00C04F79EFBC}") = "Service", "Service\Service.csproj", "{7CE8ECCF-5942-41E2-89CD-CB58BBA7C7F3}"
EndProject
Project("{FAE04EC0-301F-11D3-BF4B-00C04F79EFBC}") = "Common", "Common\Common.csproj", "{CBED26CC-FDE4-40BD-B3D9-88E591F22B95}"
EndProject
Project("{FAE04EC0-301F-11D3-BF4B-00C04F79EFBC}") = "Client", "Client\Client.csproj", "{DF1A317E-B713-4131-9B90-F5D8F03C6393}"
EndProject
Global
	GlobalSection(SolutionConfigurationPlatforms) = preSolution
		Debug|Any CPU = Debug|Any CPU
		Release|Any CPU = Release|Any CPU
	EndGlobalSection
	GlobalSection(ProjectConfigurationPlatforms) = postSolution
		{7CE8ECCF-5942-41E2-89CD-CB58BBA7C7F3}.Debug|Any CPU.ActiveCfg = Debug|Any CPU
		{7CE8ECCF-5942-41E2-89CD-CB58BBA7C7F3}.Debug|Any CPU.Build.0 = Debug|Any CPU
		{7CE8ECCF-5942-41E2-89CD-CB58BBA7C7F3}.Release|Any CPU.ActiveCfg = Release|Any CPU
		{7CE8ECCF-5942-41E2-89CD-CB58BBA7C7F3}.Release|Any CPU.Build.0 = Release|Any CPU
		{CBED26CC-FDE4-40BD-B3D9-88E591F22B95}.Debug|Any CPU.ActiveCfg = Debug|Any CPU
		{CBED26CC-FDE4-40BD-B3D9-88E591F22B95}.Debug|Any CPU.Build.0 = Debug|Any CPU
		{CBED26CC-FDE4-40BD-B3D9-88E591F22B95}.Release|Any CPU.ActiveCfg = Release|Any CPU
		{CBED26CC-FDE4-40BD-B3D9-88E591F22B95}.Release|Any CPU.Build.0 = Release|Any CPU
		{DF1A317E-B713-4131-9B90-F5D8F03C6393}.Debug|Any CPU.ActiveCfg = Debug|Any CPU
		{DF1A317E-B713-4131-9B90-F5D8F03C6393}.Debug|Any CPU.Build.0 = Debug|Any CPU
		{DF1A317E-B713-4131-9B90-F5D8F03C6393}.Release|Any CPU.ActiveCfg = Release|Any CPU
		{DF1A317E-B713-4131-9B90-F5D8F03C6393}.Release|Any CPU.Build.0 = Release|Any CPU
	EndGlobalSection
	GlobalSection(SolutionProperties) = preSolution
		HideSolutionNode = FALSE
	EndGlobalSection
	GlobalSection(ExtensibilityGlobals) = postSolution
		SolutionGuid = {8BDAC13B-67E4-400E-8A9D-AF15B0A47B4D}
	EndGlobalSection
EndGlobal
